
Microsoft Visual Studio Solution File, Format Version 12.00
# Visual Studio 15
Project("{FAE04EC0-301F-11D3-BF4B-00C04F79EFBC}") = "Assembly-CSharp", "Assembly-CSharp.csproj", "{55372FB4-AD93-946C-70E5-77397940A23D}"
EndProject
Project("{FAE04EC0-301F-11D3-BF4B-00C04F79EFBC}") = "Assembly-CSharp-Editor", "Assembly-CSharp-Editor.csproj", "{D133BD02-04C3-A25D-CF01-426E914FEC6A}"
EndProject
Global
	GlobalSection(SolutionConfigurationPlatforms) = preSolution
		Debug|Any CPU = Debug|Any CPU
		Release|Any CPU = Release|Any CPU
	EndGlobalSection
	GlobalSection(ProjectConfigurationPlatforms) = postSolution
		{55372FB4-AD93-946C-70E5-77397940A23D}.Debug|Any CPU.ActiveCfg = Debug|Any CPU
		{55372FB4-AD93-946C-70E5-77397940A23D}.Debug|Any CPU.Build.0 = Debug|Any CPU
		{55372FB4-AD93-946C-70E5-77397940A23D}.Release|Any CPU.ActiveCfg = Release|Any CPU
		{55372FB4-AD93-946C-70E5-77397940A23D}.Release|Any CPU.Build.0 = Release|Any CPU
		{D133BD02-04C3-A25D-CF01-426E914FEC6A}.Debug|Any CPU.ActiveCfg = Debug|Any CPU
		{D133BD02-04C3-A25D-CF01-426E914FEC6A}.Debug|Any CPU.Build.0 = Debug|Any CPU
		{D133BD02-04C3-A25D-CF01-426E914FEC6A}.Release|Any CPU.ActiveCfg = Release|Any CPU
		{D133BD02-04C3-A25D-CF01-426E914FEC6A}.Release|Any CPU.Build.0 = Release|Any CPU
	EndGlobalSection
	GlobalSection(SolutionProperties) = preSolution
		HideSolutionNode = FALSE
	EndGlobalSection
EndGlobal
