
Microsoft Visual Studio Solution File, Format Version 12.00
# Visual Studio 2017
Project("{FAE04EC0-301F-11D3-BF4B-00C04F79EFBC}") = "Walking Tour Innovation and Wellness Centre", "Walking Tour Innovation and Wellness Centre.csproj", "{BCBD8044-E7D4-C89F-8C89-D006CD7C1594}"
EndProject
Project("{FAE04EC0-301F-11D3-BF4B-00C04F79EFBC}") = "Walking Tour Innovation and Wellness Centre.Editor", "Walking Tour Innovation and Wellness Centre.Editor.csproj", "{F2D8BE57-4E24-D20C-9984-D9FF85988310}"
EndProject
Global
	GlobalSection(SolutionConfigurationPlatforms) = preSolution
		Debug|Any CPU = Debug|Any CPU
		Release|Any CPU = Release|Any CPU
	EndGlobalSection
	GlobalSection(ProjectConfigurationPlatforms) = postSolution
		{BCBD8044-E7D4-C89F-8C89-D006CD7C1594}.Debug|Any CPU.ActiveCfg = Debug|Any CPU
		{BCBD8044-E7D4-C89F-8C89-D006CD7C1594}.Debug|Any CPU.Build.0 = Debug|Any CPU
		{BCBD8044-E7D4-C89F-8C89-D006CD7C1594}.Release|Any CPU.ActiveCfg = Release|Any CPU
		{BCBD8044-E7D4-C89F-8C89-D006CD7C1594}.Release|Any CPU.Build.0 = Release|Any CPU
		{F2D8BE57-4E24-D20C-9984-D9FF85988310}.Debug|Any CPU.ActiveCfg = Debug|Any CPU
		{F2D8BE57-4E24-D20C-9984-D9FF85988310}.Debug|Any CPU.Build.0 = Debug|Any CPU
		{F2D8BE57-4E24-D20C-9984-D9FF85988310}.Release|Any CPU.ActiveCfg = Release|Any CPU
		{F2D8BE57-4E24-D20C-9984-D9FF85988310}.Release|Any CPU.Build.0 = Release|Any CPU
	EndGlobalSection
	GlobalSection(SolutionProperties) = preSolution
		HideSolutionNode = FALSE
	EndGlobalSection
EndGlobal
